
Microsoft Visual Studio Solution File, Format Version 11.00
# Visual Studio 2010
Project("{FAE04EC0-301F-11D3-BF4B-00C04F79EFBC}") = "DropboxSync", "DropboxSync\DropboxSync.csproj", "{9CB49378-CA0B-4DC5-996F-8ADC1F447DDC}"
EndProject
Global
	GlobalSection(SolutionConfigurationPlatforms) = preSolution
		Debug|Any CPU = Debug|Any CPU
		Release|Any CPU = Release|Any CPU
	EndGlobalSection
	GlobalSection(ProjectConfigurationPlatforms) = postSolution
		{9CB49378-CA0B-4DC5-996F-8ADC1F447DDC}.Debug|Any CPU.ActiveCfg = Debug|Any CPU
		{9CB49378-CA0B-4DC5-996F-8ADC1F447DDC}.Debug|Any CPU.Build.0 = Debug|Any CPU
		{9CB49378-CA0B-4DC5-996F-8ADC1F447DDC}.Debug|Any CPU.Deploy.0 = Debug|Any CPU
		{9CB49378-CA0B-4DC5-996F-8ADC1F447DDC}.Release|Any CPU.ActiveCfg = Release|Any CPU
		{9CB49378-CA0B-4DC5-996F-8ADC1F447DDC}.Release|Any CPU.Build.0 = Release|Any CPU
		{9CB49378-CA0B-4DC5-996F-8ADC1F447DDC}.Release|Any CPU.Deploy.0 = Release|Any CPU
	EndGlobalSection
	GlobalSection(SolutionProperties) = preSolution
		HideSolutionNode = FALSE
	EndGlobalSection
EndGlobal
